
Microsoft Visual Studio Solution File, Format Version 12.00
# Visual Studio Version 16
VisualStudioVersion = 16.0.36422.26
MinimumVisualStudioVersion = 10.0.40219.1
Project("{FAE04EC0-301F-11D3-BF4B-00C04F79EFBC}") = "InventoryManagementSystem", "InventoryManagementSystem.csproj", "{10DB672A-31BB-4161-857C-1826846902A3}"
EndProject
Global
	GlobalSection(SolutionConfigurationPlatforms) = preSolution
		Debug|Any CPU = Debug|Any CPU
		Release|Any CPU = Release|Any CPU
	EndGlobalSection
	GlobalSection(ProjectConfigurationPlatforms) = postSolution
		{10DB672A-31BB-4161-857C-1826846902A3}.Debug|Any CPU.ActiveCfg = Debug|Any CPU
		{10DB672A-31BB-4161-857C-1826846902A3}.Debug|Any CPU.Build.0 = Debug|Any CPU
		{10DB672A-31BB-4161-857C-1826846902A3}.Release|Any CPU.ActiveCfg = Release|Any CPU
		{10DB672A-31BB-4161-857C-1826846902A3}.Release|Any CPU.Build.0 = Release|Any CPU
	EndGlobalSection
	GlobalSection(SolutionProperties) = preSolution
		HideSolutionNode = FALSE
	EndGlobalSection
	GlobalSection(ExtensibilityGlobals) = postSolution
		SolutionGuid = {0FF4525D-2378-47AB-8A60-2BB8DD97191D}
	EndGlobalSection
EndGlobal
